Microsoft Visual Studio Solution File, Format Version 11.00
# Visual Studio 2008

Project("{7D5CC111-D9DE-D19A-7408-B92C925A6DA0}") = "SpaceBass95", "Assembly-CSharp.csproj", "{D0201263-9237-9BCD-974B-1DBAB2CDDA39}"
EndProject
Global
	GlobalSection(SolutionConfigurationPlatforms) = preSolution
		Debug|Any CPU = Debug|Any CPU
		Release|Any CPU = Release|Any CPU
	EndGlobalSection
	GlobalSection(ProjectConfigurationPlatforms) = postSolution
		{D0201263-9237-9BCD-974B-1DBAB2CDDA39}.Debug|Any CPU.ActiveCfg = Debug|Any CPU
		{D0201263-9237-9BCD-974B-1DBAB2CDDA39}.Debug|Any CPU.Build.0 = Debug|Any CPU
		{D0201263-9237-9BCD-974B-1DBAB2CDDA39}.Release|Any CPU.ActiveCfg = Release|Any CPU
		{D0201263-9237-9BCD-974B-1DBAB2CDDA39}.Release|Any CPU.Build.0 = Release|Any CPU
	EndGlobalSection
	GlobalSection(SolutionProperties) = preSolution
		HideSolutionNode = FALSE
	EndGlobalSection
	GlobalSection(MonoDevelopProperties) = preSolution
		StartupItem = Assembly-CSharp.csproj
	EndGlobalSection
EndGlobal
